version = 1
revision = 3
requires-python = "==3.11.*"

[[package]]
name = "asgiref"
version = "3.12.1"
source = { registry = "https://pypi.org/simple" }
sdist = { url = "https://files.pythonhosted.org/packages/e6/26/3b59f2bdae5f640389becb1f673cded775287f5fc4f816309d9ca9a3f93d/asgiref-3.12.1.tar.gz", hash = "sha256:59dcb51c272ad209d59bed5708a64a333083e86017d7fcdd67498eeab7784340", size = 42378, upload-time = "2026-07-14T09:56:18.087Z" }
wheels = [
    { url = "https://files.pythonhosted.org/packages/c0/1b/54f4ad77cd8a584fa70746c47df988e002cf1ee1eba43364d46f87803647/asgiref-3.12.1-py3-none-any.whl", hash = "sha256:fe386d1c2bff7259ea95929266d12a8cf9a8b5a1c2598402967d8792e7a7c094", size = 25478, upload-time = "2026-07-14T09:56:16.926Z" },
]

[[package]]
name = "certifi"
version = "2026.7.22"
source = { registry = "https://pypi.org/simple" }
sdist = { url = "https://files.pythonhosted.org/packages/a3/c2/24167ea9858356b47a87a50d39908bfdb72ceeefe0041586e704e5376b3a/certifi-2026.7.22.tar.gz", hash = "sha256:741e2c3b351ddf169a738da9f2c048608ff7f2c5cc02f1ebc6b118bb090d5d55", size = 138112, upload-time = "2026-07-22T03:35:12.644Z" }
wheels = [
    { url = "https://files.pythonhosted.org/packages/0b/a7/71ac2cff56fec219ed242bb11b8efb69fcc4bec75db06fb7bfe35de520e6/certifi-2026.7.22-py3-none-any.whl", hash = "sha256:62f22742b58a1a33014a2b6b706588a8d7e2a88ae7bd1a6ebe8c992928483775", size = 136983, upload-time = "2026-07-22T03:35:11.276Z" },
]

[[package]]
name = "cffi"
version = "2.1.1"
source = { registry = "https://pypi.org/simple" }
dependencies = [
    { name = "pycparser", marker = "implementation_name != 'PyPy'" },
]
sdist = { url = "https://files.pythonhosted.org/packages/9e/ef/008a1939e372c06329a3fce4279c02f328488f3526744906eeec3da7ad5f/cffi-2.1.1.tar.gz", hash = "sha256:dd31f52ea1086513bb9df30f8fcee9b8918323ae067a3d5b78bc826a000712be", size = 530807, upload-time = "2026-08-03T21:21:18.939Z" }
wheels = [
    { url = "https://files.pythonhosted.org/packages/70/d2/16d99a0c4948febc0ebd133a13b2f688ff7f8cb04da971e1128872ce0c03/cffi-2.1.1-cp311-cp311-macosx_10_15_x86_64.whl", hash = "sha256:c8d2c9fd1f2d16f780d15127abb050d13d1a76c03a4bd87d7e4980e45e511e12", size = 183838, upload-time = "2026-08-03T21:19:29.637Z" },
    { url = "https://files.pythonhosted.org/packages/cd/95/31b535a9f0220ae9f357de4a08d57ce89cb417653c2fd9f075f50822a388/cffi-2.1.1-cp311-cp311-macosx_11_0_arm64.whl", hash = "sha256:398aff33cee2767e3e781d2554c54bd0dff386bb437581e0d8011fde1a942ec1", size = 184168, upload-time = "2026-08-03T21:19:30.764Z" },
    { url = "https://files.pythonhosted.org/packages/ad/5a/4707a0dc1f203f5dde5a907b0d4e3c25d71120241048bd5bc6f1bb9d4e71/cffi-2.1.1-cp311-cp311-manylinux1_i686.manylinux2014_i686.manylinux_2_17_i686.manylinux_2_5_i686.whl", hash = "sha256:154852545011f779917b11c78db2358d095da62a9a172b78ad0a583ee5adc0d0", size = 211805, upload-time = "2026-08-03T21:19:31.867Z" },
    { url = "https://files.pythonhosted.org/packages/ad/66/c19feabb28485b6e0bbaaafa90837a1ef5d302e90f2178bd33f17a49879b/cffi-2.1.1-cp311-cp311-manylinux2014_aarch64.manylinux_2_17_aarch64.whl", hash = "sha256:3311ed60d36f83378794e1009ac6258bafbf81f7888b4caa7b35a521e3f95813", size = 218716, upload-time = "2026-08-03T21:19:32.896Z" },
    { url = "https://files.pythonhosted.org/packages/a7/92/500760486c8baab49a7a8a58ba7fc3355ec3974b454b8a09e528efde9e1d/cffi-2.1.1-cp311-cp311-manylinux2014_ppc64le.manylinux_2_17_ppc64le.whl", hash = "sha256:6e192623c49c94421616a5778fba35cf0d5a8d000650c1967ef4448ee5cdd990", size = 205569, upload-time = "2026-08-03T21:19:34.142Z" },
    { url = "https://files.pythonhosted.org/packages/a5/a7/a67c733254d6e7373f7822f8082d8d6beade791e0cf12a7611f376fa61c7/cffi-2.1.1-cp311-cp311-manylinux2014_s390x.manylinux_2_17_s390x.whl", hash = "sha256:a6e721d4b0e45d5b65e87534470e67b18dcd092c83f68fba09f152b9cbc061af", size = 204907, upload-time = "2026-08-03T21:19:35.174Z" },
    { url = "https://files.pythonhosted.org/packages/f7/a4/4399daaf8f7dfee9d7c3327fdb0426ee041cc63edc358b93911ceb2bfc7a/cffi-2.1.1-cp311-cp311-manylinux2014_x86_64.manylinux_2_17_x86_64.whl", hash = "sha256:34e261f78cb6ceaaa36f42f2613f4380d94d9c759a9c73c769ee6e0247364632", size = 217807, upload-time = "2026-08-03T21:19:36.286Z" },
    { url = "https://files.pythonhosted.org/packages/28/f7/dabe6da2466ecbd82dc62e7342dc6b1065dad990c06f00f0ede9ebf2a0ed/cffi-2.1.1-cp311-cp311-musllinux_1_2_aarch64.whl", hash = "sha256:7225e4514edb64eb6740324353e0da0711954fd8d7da4576755b1c6e09b697cd", size = 221252, upload-time = "2026-08-03T21:19:37.416Z" },
    { url = "https://files.pythonhosted.org/packages/ce/87/616202d8e51342c07d2534c510111c4cc37201775ce8f60802c9335d1edd/cffi-2.1.1-cp311-cp311-musllinux_1_2_i686.whl", hash = "sha256:df913725b79db7bcf03448f36b7bf8815363417d5b58deecf9305e3e30f0f21a", size = 214214, upload-time = "2026-08-03T21:19:38.507Z" },
    { url = "https://files.pythonhosted.org/packages/b4/c6/ab025d75d2c26c19b087c0124e75ee31cb65032f4fe345d356d8c507ab97/cffi-2.1.1-cp311-cp311-musllinux_1_2_x86_64.whl", hash = "sha256:f5cfbc5fe74540d335175b656c725d74d90e3730c626d92575eea35029d9afaa", size = 219408, upload-time = "2026-08-03T21:19:39.809Z" },
    { url = "https://files.pythonhosted.org/packages/db/e2/7e8109f65445bdc673a7b54f02c677de462db75674220fd1335efc8eb598/cffi-2.1.1-cp311-cp311-win32.whl", hash = "sha256:f8ec5e643a9a937f64e1999eb9f75d072263751912dc5cd06d3c85f8f44be7c3", size = 174470, upload-time = "2026-08-03T21:19:41.246Z" },
    { url = "https://files.pythonhosted.org/packages/73/c0/77ba02423c2f7d7091143c45cd49e0e6575c4c1967394bb542bd923a9b74/cffi-2.1.1-cp311-cp311-win_amd64.whl", hash = "sha256:42f6930c31dc7f50732c9ae793c2786c7b6b044195967bbdde40bb9be81c4cc0", size = 185096, upload-time = "2026-08-03T21:19:42.615Z" },
    { url = "https://files.pythonhosted.org/packages/7c/47/9f1f85f9672ceda4984dc6c4f8824e8558992a2972c3d3c81fb8eb28d4ba/cffi-2.1.1-cp311-cp311-win_arm64.whl", hash = "sha256:c7659f22557c5a0bc4855cd635f55edec690cc008a40768527762cb9fb263455", size = 179941, upload-time = "2026-08-03T21:19:43.747Z" },
]

[[package]]
name = "charset-normalizer"
version = "2.1.1"
source = { registry = "https://pypi.org/simple" }
sdist = { url = "https://files.pythonhosted.org/packages/a1/34/44964211e5410b051e4b8d2869c470ae8a68ae274953b1c7de6d98bbcf94/charset-normalizer-2.1.1.tar.gz", hash = "sha256:5a3d016c7c547f69d6f81fb0db9449ce888b418b5b9952cc5e6e66843e9dd845", size = 82360, upload-time = "2022-08-19T22:13:48.372Z" }
wheels = [
    { url = "https://files.pythonhosted.org/packages/db/51/a507c856293ab05cdc1db77ff4bc1268ddd39f29e7dc4919aa497f0adbec/charset_normalizer-2.1.1-py3-none-any.whl", hash = "sha256:83e9a75d1911279afd89352c68b45348559d1fc0506b054b346651b5e7fee29f", size = 39748, upload-time = "2022-08-19T22:13:46.702Z" },
]

[[package]]
name = "cryptography"
version = "50.0.1"
source = { registry = "https://pypi.org/simple" }
dependencies = [
    { name = "cffi", marker = "platform_python_implementation != 'PyPy'" },
]
sdist = { url = "https://files.pythonhosted.org/packages/bb/ad/5d6702db60b1e40b41ef513b6967ff5848f307d50f8449baf1634f5908f1/cryptography-50.0.1.tar.gz", hash = "sha256:5dd9bda1c12b4162f6ff568eeb5e0ff956c28d14406e875cfe8a63a2d414ff20", size = 880381, upload-time = "2026-08-25T19:45:45.499Z" }
wheels = [
    { url = "https://files.pythonhosted.org/packages/ba/19/797e2aaac9df6a66f1550f49979dc1b1e39ecd2077501c30efa81e8d5d67/cryptography-50.0.1-cp311-abi3-macosx_11_0_arm64.whl", hash = "sha256:b8f852c65863251b9e3a1b8c150ce21e59b522dbb6a7d4bc80e680d38388e986", size = 4010153, upload-time = "2026-08-25T19:44:03.155Z" },
    { url = "https://files.pythonhosted.org/packages/90/34/9ce9a62ed9dc82ca9fd6a34445b6904af56e5f38b3eae2ed32e49c36053d/cryptography-50.0.1-cp311-abi3-manylinux2014_aarch64.manylinux_2_17_aarch64.whl", hash = "sha256:53e279950892dc102c6b4e52af03ae5ea92fac572a1ddab78ca73a997f62b69f", size = 4723133, upload-time = "2026-08-25T19:44:05.461Z" },
    { url = "https://files.pythonhosted.org/packages/57/26/e6d4fc8512a51a5f9ee7bfdbfb853bce1197087df40c9ad993ad370b846f/cryptography-50.0.1-cp311-abi3-manylinux2014_x86_64.manylinux_2_17_x86_64.whl", hash = "sha256:ff838d62ec1bfce4f9ba7fa16f4a7b554cd8d0c299e6be37502161a660c84eef", size = 4712478, upload-time = "2026-08-25T19:44:07.375Z" },
    { url = "https://files.pythonhosted.org/packages/e6/de/d3cdc2815697aae84126cbd6a030ca7b6b452e28a88b501b836bd3aa7a86/cryptography-50.0.1-cp311-abi3-manylinux_2_28_aarch64.whl", hash = "sha256:e74591e283fe6eb956416c929eb58262a719fe0311fd9054c62c3350ed8760d8", size = 4730726, upload-time = "2026-08-25T19:44:09.294Z" },
    { url = "https://files.pythonhosted.org/packages/55/32/38c0d344b98c06d34b5df8946565a9c0d6dbf32c8e0730a7f05f0a3c6cab/cryptography-50.0.1-cp311-abi3-manylinux_2_28_ppc64le.whl", hash = "sha256:5fe002589592ed749ce77fe0695fcbd3500dd61d7d6db5858a7544c612fa8e45", size = 5353524, upload-time = "2026-08-25T19:44:11.96Z" },
    { url = "https://files.pythonhosted.org/packages/e1/1b/82f0f0d8858d4432be1af790477edf62aef90324041aa07c57e57bef1af7/cryptography-50.0.1-cp311-abi3-manylinux_2_28_x86_64.whl", hash = "sha256:51593d180cf6d179bde5c5d065bed81386b1f381656ae7d042b7ffc87a9895ad", size = 4746720, upload-time = "2026-08-25T19:44:14.051Z" },
    { url = "https://files.pythonhosted.org/packages/29/ba/042ca458b8c64348c768284b5d23e69b92ed53d057ab779fee628564676d/cryptography-50.0.1-cp311-abi3-manylinux_2_31_armv7l.whl", hash = "sha256:359e62deae718bce96170e223fdcb6357e4fbd3bb7a3a75f4430763532560e49", size = 4361866, upload-time = "2026-08-25T19:44:16.167Z" },
    { url = "https://files.pythonhosted.org/packages/39/3b/e96c1ef71edef71057c7e3c3d982ce8fda554e0c52d0cc19c18845cde3eb/cryptography-50.0.1-cp311-abi3-manylinux_2_34_aarch64.whl", hash = "sha256:e2ca8fd1b6b4b82a1c4cb02841d0837e3c12336c2e24b520ab8ab3b969733d8f", size = 4730028, upload-time = "2026-08-25T19:44:18.085Z" },
    { url = "https://files.pythonhosted.org/packages/e3/38/45abd72ef63f2e7d0754a6cacf97bd8b69512ace7f6130d24c39ece65da2/cryptography-50.0.1-cp311-abi3-manylinux_2_34_ppc64le.whl", hash = "sha256:76de83fbd91ac49c0feaaa983d0748fd7a53176afac5fb3bf7478d244f0eb527", size = 5308405, upload-time = "2026-08-25T19:44:20.197Z" },
    { url = "https://files.pythonhosted.org/packages/85/66/6ccca4722987ddedaa7fc9c3f4708af7431f5535666c174350830888c6b7/cryptography-50.0.1-cp311-abi3-manylinux_2_34_x86_64.whl", hash = "sha256:51afcfceb15597cf2635068e4ac9a56b2abde622edde17f37d85fd7b5306497a", size = 4746230, upload-time = "2026-08-25T19:44:22.376Z" },
    { url = "https://files.pythonhosted.org/packages/13/0e/b1f92e013228111413f2e6743948b80bc24dfd3c1b87ba98ceea16f5df89/cryptography-50.0.1-cp311-abi3-musllinux_1_2_aarch64.whl", hash = "sha256:be224a65493ec5b74a158ff22a5522ce4a5ca1e543c647a3a4730d4a09e5f959", size = 4862596, upload-time = "2026-08-25T19:44:24.472Z" },
    { url = "https://files.pythonhosted.org/packages/7e/22/c3654cccc856e9d682817b04ac3ee79731cb09ca6f95996a95c904de2883/cryptography-50.0.1-cp311-abi3-musllinux_1_2_x86_64.whl", hash = "sha256:9ebcdd5519be9b652a46f507817a74591774fc3d6923ac364e4dfa64e36b291b", size = 5014082, upload-time = "2026-08-25T19:44:26.709Z" },
    { url = "https://files.pythonhosted.org/packages/42/8b/cb12b1b60c91b074ca6bf0fdd59aa8f10d8bc5f73af8faece86ef0421b37/cryptography-50.0.1-cp311-abi3-win_amd64.whl", hash = "sha256:aed8db4f6d71c51efb89530e12d9464e7bf2923d46c3205dc794a2a93f8c0648", size = 3842826, upload-time = "2026-08-25T19:44:28.784Z" },
    { url = "https://files.pythonhosted.org/packages/84/a9/ee16a903f13755e914d1eecc482fe64d1f10761c3960e5d8fa6837377aff/cryptography-50.0.1-cp39-abi3-macosx_11_0_arm64.whl", hash = "sha256:ca83d00d9e69cd5eb63f2e69c3a5a59e0cecae5ae14c6ae0b35830fe3b37bad0", size = 4035307, upload-time = "2026-08-25T19:44:58.305Z" },
    { url = "https://files.pythonhosted.org/packages/5e/a5/9ec7e81e8526c0d7a387d73386b2daed3f39e10d81a85930bd1b6bfba65c/cryptography-50.0.1-cp39-abi3-manylinux2014_aarch64.manylinux_2_17_aarch64.whl", hash = "sha256:05ba322c4da95b262a212c345af888ef2c37c88c0509756ea00a0e6d68850f23", size = 4751900, upload-time = "2026-08-25T19:45:00.401Z" },
    { url = "https://files.pythonhosted.org/packages/7e/3c/0e77bd5ffcf078e9dd27d3074aad6c030d9b10d0bf69329d573c927a188c/cryptography-50.0.1-cp39-abi3-manylinux2014_x86_64.manylinux_2_17_x86_64.whl", hash = "sha256:e22dfed744bd4002e909464cb23d2f0b05c6f3113a79ef2e9864a53db737c733", size = 4738357, upload-time = "2026-08-25T19:45:02.786Z" },
    { url = "https://files.pythonhosted.org/packages/27/3a/3c5f80daa4dcd47323c7af8a2fcb90de27a33564d4fcac69846c0972691a/cryptography-50.0.1-cp39-abi3-manylinux_2_28_aarch64.whl", hash = "sha256:4c4188f7c0cf655be5c06342b817ed0f9595b69ffa2b12026e5353eed29dea88", size = 4758474, upload-time = "2026-08-25T19:45:04.889Z" },
    { url = "https://files.pythonhosted.org/packages/6e/2b/214cf0cf93db9628c3c20c896b229f327f6fb1b20e4b3743d8ad3f00af8b/cryptography-50.0.1-cp39-abi3-manylinux_2_28_ppc64le.whl", hash = "sha256:2ebbfb0f1fed745e91796e3e1080a1440423fdae8ece1b995a1d80883a409054", size = 5375862, upload-time = "2026-08-25T19:45:07.163Z" },
    { url = "https://files.pythonhosted.org/packages/d6/51/3f9701867a46b6c1740c9b52fc4d3bed6cbdcfedcc9b6e64305c07f39cff/cryptography-50.0.1-cp39-abi3-manylinux_2_28_x86_64.whl", hash = "sha256:407fe2b6db00939c05c0e945e9914238f2f0a430974839429dafc82b1ee6bee5", size = 4772942, upload-time = "2026-08-25T19:45:09.396Z" },
    { url = "https://files.pythonhosted.org/packages/0d/5c/13ea642e08e2544d0f5396122055f4820cfacb3203562197b5967125ea97/cryptography-50.0.1-cp39-abi3-manylinux_2_31_armv7l.whl", hash = "sha256:2b34d76a652ea2b6faf777c35df230c5637842cd904e04f16230c3f9f03e4361", size = 4383347, upload-time = "2026-08-25T19:45:11.659Z" },
    { url = "https://files.pythonhosted.org/packages/84/d5/7d1fe1cb93f91c428093ff234e128c89ba8ea61a6f26aab406081f9b996e/cryptography-50.0.1-cp39-abi3-manylinux_2_34_aarch64.whl", hash = "sha256:01f41478cf33fc605a6a089cd56d28b45c6c0b45a1928b61797f2621a04bac71", size = 4758050, upload-time = "2026-08-25T19:45:13.745Z" },
    { url = "https://files.pythonhosted.org/packages/dd/04/557fc5ead96a829e0bc812a3b9dc4a52a2f27e4f7f5950da7ff27653a805/cryptography-50.0.1-cp39-abi3-manylinux_2_34_ppc64le.whl", hash = "sha256:fc3ed7ebd2a8c96f5b166de0ab9b624996bef3b07bbeb19364dfb78222c22c80", size = 5332955, upload-time = "2026-08-25T19:45:16.193Z" },
    { url = "https://files.pythonhosted.org/packages/8c/eb/5d7124083e8d8cda8f5b348f544b71ad6f707ad63193758ef4d8e569da02/cryptography-50.0.1-cp39-abi3-manylinux_2_34_x86_64.whl", hash = "sha256:9dde0a357190eb3b1da1bb9ab750e9c85cba82ca5977aa0836cbb94e92611239", size = 4772694, upload-time = "2026-08-25T19:45:18.315Z" },
    { url = "https://files.pythonhosted.org/packages/63/8e/f1f955e0921dd2b6d22eae7e8d24a4c4b638d10735ffbf6a71f99eb0fcb8/cryptography-50.0.1-cp39-abi3-musllinux_1_2_aarch64.whl", hash = "sha256:fd3718b960d0b5dd213cdf03f3bcb7000e69dda0de8b956061947ff6bcff5558", size = 4888413, upload-time = "2026-08-25T19:45:20.4Z" },
    { url = "https://files.pythonhosted.org/packages/1f/ab/89e2b798d2c3925f82e2bb72d5979f3d2f6da2dd22ef4a8cd8b70d920039/cryptography-50.0.1-cp39-abi3-musllinux_1_2_x86_64.whl", hash = "sha256:2a93d05e34d5f67fba6f891fe85d929999baa7195e853923ea6d7576c9e68c5e", size = 5044355, upload-time = "2026-08-25T19:45:22.353Z" },
    { url = "https://files.pythonhosted.org/packages/99/89/87ef49ffe383ef4e147d27b7bf2088fb0b54ea409dd87b5a89442e5828a5/cryptography-50.0.1-cp39-abi3-win_amd64.whl", hash = "sha256:55d16b1ef3ee0958d893a977b19777887e546c9954ea81b200c3301a864013f2", size = 3875429, upload-time = "2026-08-25T19:45:24.418Z" },
    { url = "https://files.pythonhosted.org/packages/c7/27/8d207af749c453ee17ea087340b3f2b4adef75aadd1d277b1b129bdda84e/cryptography-50.0.1-pp311-pypy311_pp73-macosx_11_0_arm64.whl", hash = "sha256:9cb3cb952cf5a8abd50c782a98a89d71699715e802fe349704b47f2425b42a94", size = 3974350, upload-time = "2026-08-25T19:45:26.551Z" },
    { url = "https://files.pythonhosted.org/packages/14/9a/6d3a4d7852e22d657438b7bf51f66102c7d71c0e1fafeec652281d0403e5/cryptography-50.0.1-pp311-pypy311_pp73-manylinux_2_28_aarch64.whl", hash = "sha256:5fe939deeb161024a6be98229c953b6591fef1f41214497a78fe793a244c017f", size = 4698675, upload-time = "2026-08-25T19:45:28.658Z" },
    { url = "https://files.pythonhosted.org/packages/73/35/5c3717edf9e68a0550ce04e28eab493fe545eccd81742af03f6a75fe260b/cryptography-50.0.1-pp311-pypy311_pp73-manylinux_2_28_x86_64.whl", hash = "sha256:fb4b9672d389c738b175c4166e78310f8a70358886aacd9173ee03a85ffdc671", size = 4707410, upload-time = "2026-08-25T19:45:30.816Z" },
    { url = "https://files.pythonhosted.org/packages/1d/e0/e786934472e3ac4ecdecc7b129a0ca1a2a40dffdafcf2c3ea9d4397f8def/cryptography-50.0.1-pp311-pypy311_pp73-manylinux_2_34_aarch64.whl", hash = "sha256:d63ae8f6481fec907ac0f588eee8a90aefde112c633131fe540e5711ddbb5a4e", size = 4698378, upload-time = "2026-08-25T19:45:33.043Z" },
    { url = "https://files.pythonhosted.org/packages/51/cf/5b3f53a0b74d122f023476ede40ba5d3e70d5cf475f73b899740d26a4fb2/cryptography-50.0.1-pp311-pypy311_pp73-manylinux_2_34_x86_64.whl", hash = "sha256:804728ce710890870f3aaa344b2e161172d258d768ac139d02cfd9092d0d94e6", size = 4706889, upload-time = "2026-08-25T19:45:35.086Z" },
    { url = "https://files.pythonhosted.org/packages/71/44/711e61f7d014be825ef79b285b047292d1bf893732ac1bc030a351fb517f/cryptography-50.0.1-pp311-pypy311_pp73-win_amd64.whl", hash = "sha256:693c99b49bd37d0d096e4334c10232c77248c415b98d35236094cdf96d57258b", size = 3824006, upload-time = "2026-08-25T19:45:37.281Z" },
]

[[package]]
name = "django"
version = "5.2.17"
source = { registry = "https://pypi.org/simple" }
dependencies = [
    { name = "asgiref" },
    { name = "sqlparse" },
    { name = "tzdata", marker = "sys_platform == 'win32'" },
]
sdist = { url = "https://files.pythonhosted.org/packages/d5/d8/43e9d000519adceb189620b6869ff88031e046df91c2e9da72f8f6918399/django-5.2.17.tar.gz", hash = "sha256:9d4d93be539a18ab80d058eb515900e10951e04c537c5a6b394fc49528d3251f", size = 10889740, upload-time = "2026-08-04T15:04:03.173Z" }
wheels = [
    { url = "https://files.pythonhosted.org/packages/df/f8/ce120525ca78f12b07daf65786679c5d0b54a75285a8958d3ae55e39da35/django-5.2.17-py3-none-any.whl", hash = "sha256:f04fb3b36ee119e1af4fa1d397d5fd6cf12700f49321e84d4f4c642c5b1973db", size = 8315563, upload-time = "2026-08-04T15:03:59.1Z" },
]

[[package]]
name = "django-environ"
version = "0.4.4"
source = { registry = "https://pypi.org/simple" }
dependencies = [
    { name = "django" },
    { name = "six" },
]
sdist = { url = "https://files.pythonhosted.org/packages/35/53/5a1253f4f4421ac7b87b79a6154f55e27cc3494365846cd2d236e9d8eba1/django-environ-0.4.4.tar.gz", hash = "sha256:ee2f8405d83137e3328b26b3de01bd715b5395fca22feb919dcc905fb6099cfa", size = 23520, upload-time = "2017-08-21T10:51:52.798Z" }
wheels = [
    { url = "https://files.pythonhosted.org/packages/0e/04/8a2b9d21ed73761b8e12201aa0531c0b0971fe8a832c9311cb3c2529fa98/django_environ-0.4.4-py2.py3-none-any.whl", hash = "sha256:e9c171b9d5f540e6f3bc42866941d9cd0bd77fb110a7c13a7c4857a2c08cfa40", size = 24338, upload-time = "2017-08-21T10:51:51.54Z" },
]

[[package]]
name = "exifread"
version = "3.0.0"
source = { registry = "https://pypi.org/simple" }
sdist = { url = "https://files.pythonhosted.org/packages/20/64/e8f40966ca766173fe57cc4de7d35492cf18949ced8b612924d48fa1d297/ExifRead-3.0.0.tar.gz", hash = "sha256:0ac5a364169dbdf2bd62f94f5c073970ab6694a3166177f5e448b10c943e2ca4", size = 39895, upload-time = "2022-05-08T17:15:56.122Z" }
wheels = [
    { url = "https://files.pythonhosted.org/packages/db/d6/189b0016ae8995ad94cd6e2573baf0c289ff862996821d4e42eb6a0206e3/ExifRead-3.0.0-py3-none-any.whl", hash = "sha256:2c5c59ef03b3bbee75b82b82d2498006b3c13509f35c9a76c7552faff73fa2d5", size = 40428, upload-time = "2022-05-08T18:39:38.175Z" },
]

[[package]]
name = "hilfling-photo-provider"
version = "0.1.0"
source = { virtual = "." }
dependencies = [
    { name = "django" },
    { name = "django-environ" },
    { name = "exifread" },
    { name = "pillow" },
    { name = "pyjwt", extra = ["crypto"] },
    { name = "requests" },
]

[package.metadata]
requires-dist = [
    { name = "django", specifier = "==5.2.17" },
    { name = "django-environ", specifier = "==0.4.4" },
    { name = "exifread", specifier = "==3.0.0" },
    { name = "pillow", specifier = "==9.4.0" },
    { name = "pyjwt", extras = ["crypto"], specifier = "==2.6.0" },
    { name = "requests", specifier = "==2.28.1" },
]

[[package]]
name = "idna"
version = "3.19"
source = { registry = "https://pypi.org/simple" }
sdist = { url = "https://files.pythonhosted.org/packages/5f/f7/abb373e5757eaec4b922b92f97ec8d6d7e057cf06778247604fbc4e7c3f3/idna-3.19.tar.gz", hash = "sha256:5e0811a4383b21dc5838069f801c4fb62113b7447663d2530d2bd6e77b49bf15", size = 215237, upload-time = "2026-08-18T05:14:24.27Z" }
wheels = [
    { url = "https://files.pythonhosted.org/packages/57/b0/0e52c878c53f245edd3a11020f20979b3f490f245af532c7cae3027754b5/idna-3.19-py3-none-any.whl", hash = "sha256:815e7be7a7806d54abb586dc943addc79e8b2ee16915059658cbeff4b1b43bf4", size = 68550, upload-time = "2026-08-18T05:14:22.343Z" },
]

[[package]]
name = "pillow"
version = "9.4.0"
source = { registry = "https://pypi.org/simple" }
sdist = { url = "https://files.pythonhosted.org/packages/bc/07/830784e061fb94d67649f3e438ff63cfb902dec6d48ac75aeaaac7c7c30e/Pillow-9.4.0.tar.gz", hash = "sha256:a1c2d7780448eb93fbcc3789bf3916aa5720d942e37945f4056680317f1cd23e", size = 50403076, upload-time = "2023-01-02T02:58:26.682Z" }
wheels = [
    { url = "https://files.pythonhosted.org/packages/20/46/8f6f569584425c5250cd26c79ab2f56df42e388e6a737ae8eafa939ac607/Pillow-9.4.0-1-cp311-cp311-macosx_10_10_x86_64.whl", hash = "sha256:fb5c1ad6bad98c57482236a21bf985ab0ef42bd51f7ad4e4538e89a997624e12", size = 3345027, upload-time = "2023-01-06T02:13:34.899Z" },
    { url = "https://files.pythonhosted.org/packages/ed/cc/a3b981073b62636aad3d6a1c846bd5a703e0a46a61ecef8ab552c432725d/Pillow-9.4.0-2-cp311-cp311-macosx_10_10_x86_64.whl", hash = "sha256:87708d78a14d56a990fbf4f9cb350b7d89ee8988705e58e39bdf4d82c149210f", size = 3340026, upload-time = "2023-01-17T08:02:01.202Z" },
    { url = "https://files.pythonhosted.org/packages/eb/7c/c3b1a932f4d832429b961aaae8d378c877e00b3d0accf50c5df97c595f35/Pillow-9.4.0-cp311-cp311-macosx_10_10_x86_64.whl", hash = "sha256:3fa1284762aacca6dc97474ee9c16f83990b8eeb6697f2ba17140d54b453e133", size = 3345032, upload-time = "2023-01-02T02:53:00.289Z" },
    { url = "https://files.pythonhosted.org/packages/7c/4b/96aae1deb7f6fd30995e22560263ab1d71728a7880dab109824fc37754de/Pillow-9.4.0-cp311-cp311-macosx_11_0_arm64.whl", hash = "sha256:eaef5d2de3c7e9b21f1e762f289d17b726c2239a42b11e25446abf82b26ac132", size = 3011250, upload-time = "2023-01-02T02:53:07.586Z" },
    { url = "https://files.pythonhosted.org/packages/51/57/c12f96c26a7d981fe50b802bacd1faf1dd2f04912397c7abf946a0265883/Pillow-9.4.0-cp311-cp311-manylinux_2_17_aarch64.manylinux2014_aarch64.whl", hash = "sha256:a4dfdae195335abb4e89cc9762b2edc524f3c6e80d647a9a81bf81e17e3fb6f0", size = 3060880, upload-time = "2023-01-02T02:53:14.782Z" },
    { url = "https://files.pythonhosted.org/packages/fb/18/4752328a96388365e6864b9ba3d3489c8a3d1cef9648267583b03a5f6b8d/Pillow-9.4.0-cp311-cp311-manylinux_2_17_i686.manylinux2014_i686.whl", hash = "sha256:6abfb51a82e919e3933eb137e17c4ae9c0475a25508ea88993bb59faf82f3b35", size = 3331361, upload-time = "2023-01-02T02:53:20.762Z" },
    { url = "https://files.pythonhosted.org/packages/b9/ee/88978534a2304540a938316fc3241d2e3a2d8b68834485b1ffce0d7f38e9/Pillow-9.4.0-cp311-cp311-manylinux_2_17_x86_64.manylinux2014_x86_64.whl", hash = "sha256:451f10ef963918e65b8869e17d67db5e2f4ab40e716ee6ce7129b0cde2876eab", size = 3253833, upload-time = "2023-01-02T02:53:27.049Z" },
    { url = "https://files.pythonhosted.org/packages/43/95/c81019bc15b14fd58862c50af0985429edc7e1dee204cbfc8f64df3f2445/Pillow-9.4.0-cp311-cp311-manylinux_2_28_aarch64.whl", hash = "sha256:6663977496d616b618b6cfa43ec86e479ee62b942e1da76a2c3daa1c75933ef4", size = 3112185, upload-time = "2023-01-02T02:53:33.549Z" },
    { url = "https://files.pythonhosted.org/packages/54/4f/346b8ea1b772cb6e802ed32a78b18627be6a9d9a29755fa82ea436bb582e/Pillow-9.4.0-cp311-cp311-manylinux_2_28_x86_64.whl", hash = "sha256:60e7da3a3ad1812c128750fc1bc14a7ceeb8d29f77e0a2356a8fb2aa8925287d", size = 3360978, upload-time = "2023-01-02T02:53:42.224Z" },
    { url = "https://files.pythonhosted.org/packages/9c/9f/0e5a602fdb6adcc594b1aec4dd7d6162b2540cd5a6ae874871e061a45c52/Pillow-9.4.0-cp311-cp311-musllinux_1_1_aarch64.whl", hash = "sha256:19005a8e58b7c1796bc0167862b1f54a64d3b44ee5d48152b06bb861458bc0f8", size = 3294793, upload-time = "2023-01-02T02:53:48.223Z" },
    { url = "https://files.pythonhosted.org/packages/ad/b5/58378730355a42bc504f4a10ef9526e59ce4c8a1bb612a0289a407e2ce79/Pillow-9.4.0-cp311-cp311-musllinux_1_1_x86_64.whl", hash = "sha256:f715c32e774a60a337b2bb8ad9839b4abf75b267a0f18806f6f4f5f1688c4b5a", size = 3357344, upload-time = "2023-01-02T02:53:53.823Z" },
    { url = "https://files.pythonhosted.org/packages/17/c0/5b3b961d414512e457bfd6337b085830a2609f8f51c05f1ac685050c76a6/Pillow-9.4.0-cp311-cp311-win32.whl", hash = "sha256:b222090c455d6d1a64e6b7bb5f4035c4dff479e22455c9eaa1bdd4c75b52c80c", size = 2184796, upload-time = "2023-01-02T02:54:00.773Z" },
    { url = "https://files.pythonhosted.org/packages/4d/2d/12eae829bcf4ee211014ed71c6430c8b0d3fc462597dd695867c03d59fcb/Pillow-9.4.0-cp311-cp311-win_amd64.whl", hash = "sha256:ba6612b6548220ff5e9df85261bddc811a057b0b465a1226b39bfb8550616aee", size = 2475123, upload-time = "2023-01-02T02:54:06.991Z" },
]

[[package]]
name = "pycparser"
version = "3.0"
source = { registry = "https://pypi.org/simple" }
sdist = { url = "https://files.pythonhosted.org/packages/1b/7d/92392ff7815c21062bea51aa7b87d45576f649f16458d78b7cf94b9ab2e6/pycparser-3.0.tar.gz", hash = "sha256:600f49d217304a5902ac3c37e1281c9fe94e4d0489de643a9504c5cdfdfc6b29", size = 103492, upload-time = "2026-01-21T14:26:51.89Z" }
wheels = [
    { url = "https://files.pythonhosted.org/packages/0c/c3/44f3fbbfa403ea2a7c779186dc20772604442dde72947e7d01069cbe98e3/pycparser-3.0-py3-none-any.whl", hash = "sha256:b727414169a36b7d524c1c3e31839a521725078d7b2ff038656844266160a992", size = 48172, upload-time = "2026-01-21T14:26:50.693Z" },
]

[[package]]
name = "pyjwt"
version = "2.6.0"
source = { registry = "https://pypi.org/simple" }
sdist = { url = "https://files.pythonhosted.org/packages/75/65/db64904a7f23e12dbf0565b53de01db04d848a497c6c9b87e102f74c9304/PyJWT-2.6.0.tar.gz", hash = "sha256:69285c7e31fc44f68a1feb309e948e0df53259d579295e6cfe2b1792329f05fd", size = 72984, upload-time = "2022-10-20T01:09:12.296Z" }
wheels = [
    { url = "https://files.pythonhosted.org/packages/40/46/505f0dd53c14096f01922bf93a7abb4e40e29a06f858abbaa791e6954324/PyJWT-2.6.0-py3-none-any.whl", hash = "sha256:d83c3d892a77bbb74d3e1a2cfa90afaadb60945205d1095d9221f04466f64c14", size = 20316, upload-time = "2022-10-20T01:09:09.802Z" },
]

[package.optional-dependencies]
crypto = [
    { name = "cryptography" },
]

[[package]]
name = "requests"
version = "2.28.1"
source = { registry = "https://pypi.org/simple" }
dependencies = [
    { name = "certifi" },
    { name = "charset-normalizer" },
    { name = "idna" },
    { name = "urllib3" },
]
sdist = { url = "https://files.pythonhosted.org/packages/a5/61/a867851fd5ab77277495a8709ddda0861b28163c4613b011bc00228cc724/requests-2.28.1.tar.gz", hash = "sha256:7c5599b102feddaa661c826c56ab4fee28bfd17f5abca1ebbe3e7f19d7c97983", size = 109805, upload-time = "2022-06-29T15:13:42.715Z" }
wheels = [
    { url = "https://files.pythonhosted.org/packages/ca/91/6d9b8ccacd0412c08820f72cebaa4f0c0441b5cda699c90f618b6f8a1b42/requests-2.28.1-py3-none-any.whl", hash = "sha256:8fefa2a1a1365bf5520aac41836fbee479da67864514bdb821f31ce07ce65349", size = 62843, upload-time = "2022-06-29T15:13:40.685Z" },
]

[[package]]
name = "six"
version = "1.17.0"
source = { registry = "https://pypi.org/simple" }
sdist = { url = "https://files.pythonhosted.org/packages/94/e7/b2c673351809dca68a0e064b6af791aa332cf192da575fd474ed7d6f16a2/six-1.17.0.tar.gz", hash = "sha256:ff70335d468e7eb6ec65b95b99d3a2836546063f63acc5171de367e834932a81", size = 34031, upload-time = "2024-12-04T17:35:28.174Z" }
wheels = [
    { url = "https://files.pythonhosted.org/packages/b7/ce/149a00dd41f10bc29e5921b496af8b574d8413afcd5e30dfa0ed46c2cc5e/six-1.17.0-py2.py3-none-any.whl", hash = "sha256:4721f391ed90541fddacab5acf947aa0d3dc7d27b2e1e8eda2be8970586c3274", size = 11050, upload-time = "2024-12-04T17:35:26.475Z" },
]

[[package]]
name = "sqlparse"
version = "0.6.0"
source = { registry = "https://pypi.org/simple" }
sdist = { url = "https://files.pythonhosted.org/packages/5f/d3/3f06a1006f2261d1342aefb3c71eed02f5d4ca5bdbecd86ebc12ad38306e/sqlparse-0.6.0.tar.gz", hash = "sha256:113c35c75365ab9cc9c7231d68c6428fb11c085fc8e9eb1ad659b7ddbf6cd2b9", size = 178477, upload-time = "2026-08-13T19:16:06.396Z" }
wheels = [
    { url = "https://files.pythonhosted.org/packages/d9/50/f00935da0ec7cbf325f8dc4f772ae46fbc7b672dd62876e73f0a94adda57/sqlparse-0.6.0-py3-none-any.whl", hash = "sha256:b861c0288ce2fa56209a9a6412d2e066ac664b3873b89c26c9d8415e8e32996f", size = 50070, upload-time = "2026-08-13T19:16:04.062Z" },
]

[[package]]
name = "tzdata"
version = "2026.4"
source = { registry = "https://pypi.org/simple" }
sdist = { url = "https://files.pythonhosted.org/packages/e4/31/3d74fa778a63b98b7374323befcc0be5ab3bd94afd4096a0124e7379152c/tzdata-2026.4.tar.gz", hash = "sha256:f1b8bd365d8d210c55353f4d7f8d6d8561c0ba50d704b700d195a9424bba0d79", size = 199350, upload-time = "2026-09-12T12:56:03.251Z" }
wheels = [
    { url = "https://files.pythonhosted.org/packages/f9/bc/8737e8d54cf51106118039b83f485a4783112fab49ea9d044b234978a46e/tzdata-2026.4-py2.py3-none-any.whl", hash = "sha256:c2169a8b0a7a5e9674da5a135ccdfb2b3e671b333ed9fed17b41f73c34476e81", size = 347494, upload-time = "2026-09-12T12:56:01.67Z" },
]

[[package]]
name = "urllib3"
version = "1.26.20"
source = { registry = "https://pypi.org/simple" }
sdist = { url = "https://files.pythonhosted.org/packages/e4/e8/6ff5e6bc22095cfc59b6ea711b687e2b7ed4bdb373f7eeec370a97d7392f/urllib3-1.26.20.tar.gz", hash = "sha256:40c2dc0c681e47eb8f90e7e27bf6ff7df2e677421fd46756da1161c39ca70d32", size = 307380, upload-time = "2024-08-29T15:43:11.37Z" }
wheels = [
    { url = "https://files.pythonhosted.org/packages/33/cf/8435d5a7159e2a9c83a95896ed596f68cf798005fe107cc655b5c5c14704/urllib3-1.26.20-py2.py3-none-any.whl", hash = "sha256:0ed14ccfbf1c30a9072c7ca157e4319b70d65f623e91e7b32fadb2853431016e", size = 144225, upload-time = "2024-08-29T15:43:08.921Z" },
]
